// !$*UTF8*$!
{
	archiveVersion = 1;
	classes = {
	};
	objectVersion = 51;
	objects = {

/* Begin PBXBuildFile section */
		2C3EB7B725F21BCF00F733F3 /* NetworkClient.swift in Sources */ = {isa = PBXBuildFile; fileRef = 2C3EB7B625F21BCF00F733F3 /* NetworkClient.swift */; };
		2C3EB7B925F21BF300F733F3 /* NetworkEndpointModel.swift in Sources */ = {isa = PBXBuildFile; fileRef = 2C3EB7B825F21BF300F733F3 /* NetworkEndpointModel.swift */; };
		2C3EB7BB25F21C0600F733F3 /* ReachabilityAdapter.swift in Sources */ = {isa = PBXBuildFile; fileRef = 2C3EB7BA25F21C0600F733F3 /* ReachabilityAdapter.swift */; };
		2C3EB7BD25F21C3300F733F3 /* Reachability.swift in Sources */ = {isa = PBXBuildFile; fileRef = 2C3EB7BC25F21C3300F733F3 /* Reachability.swift */; };
		2C3EB7C025F21CEF00F733F3 /* CoreError.swift in Sources */ = {isa = PBXBuildFile; fileRef = 2C3EB7BF25F21CEF00F733F3 /* CoreError.swift */; };
		2C3EB7C225F21CFC00F733F3 /* Constants.swift in Sources */ = {isa = PBXBuildFile; fileRef = 2C3EB7C125F21CFC00F733F3 /* Constants.swift */; };
		2C3EB7C425F21D0B00F733F3 /* JSONHelper.swift in Sources */ = {isa = PBXBuildFile; fileRef = 2C3EB7C325F21D0B00F733F3 /* JSONHelper.swift */; };
		2C3EB7C725F21D6C00F733F3 /* String+Utils.swift in Sources */ = {isa = PBXBuildFile; fileRef = 2C3EB7C625F21D6C00F733F3 /* String+Utils.swift */; };
		2C6CCA2325F15BDA00D905B9 /* AppDelegate.swift in Sources */ = {isa = PBXBuildFile; fileRef = 2C6CCA2225F15BDA00D905B9 /* AppDelegate.swift */; };
		2C6CCA2525F15BDA00D905B9 /* SceneDelegate.swift in Sources */ = {isa = PBXBuildFile; fileRef = 2C6CCA2425F15BDA00D905B9 /* SceneDelegate.swift */; };
		2C6CCA2725F15BDA00D905B9 /* ViewController.swift in Sources */ = {isa = PBXBuildFile; fileRef = 2C6CCA2625F15BDA00D905B9 /* ViewController.swift */; };
		2C6CCA2A25F15BDA00D905B9 /* Main.storyboard in Resources */ = {isa = PBXBuildFile; fileRef = 2C6CCA2825F15BDA00D905B9 /* Main.storyboard */; };
		2C6CCA2C25F15BDC00D905B9 /* Assets.xcassets in Resources */ = {isa = PBXBuildFile; fileRef = 2C6CCA2B25F15BDC00D905B9 /* Assets.xcassets */; };
		2C6CCA2F25F15BDC00D905B9 /* LaunchScreen.storyboard in Resources */ = {isa = PBXBuildFile; fileRef = 2C6CCA2D25F15BDC00D905B9 /* LaunchScreen.storyboard */; };
		2C6CCA3A25F15BDC00D905B9 /* GScentTests.swift in Sources */ = {isa = PBXBuildFile; fileRef = 2C6CCA3925F15BDC00D905B9 /* GScentTests.swift */; };
		3028F686483900B1B3F0C2B1 /* Pods_GScentTests.framework in Frameworks */ = {isa = PBXBuildFile; fileRef = 8761989E86CE7992F22386D7 /* Pods_GScentTests.framework */; };
		F67C50A62EAF641F28BB15F7 /* Pods_GScent.framework in Frameworks */ = {isa = PBXBuildFile; fileRef = E4965E2A77D4CCC13DDAFEF9 /* Pods_GScent.framework */; };
/* End PBXBuildFile section */

/* Begin PBXContainerItemProxy section */
		2C6CCA3625F15BDC00D905B9 /* PBXContainerItemProxy */ = {
			isa = PBXContainerItemProxy;
			containerPortal = 2C6CCA1725F15BDA00D905B9 /* Project object */;
			proxyType = 1;
			remoteGlobalIDString = 2C6CCA1E25F15BDA00D905B9;
			remoteInfo = GScent;
		};
/* End PBXContainerItemProxy section */

/* Begin PBXFileReference section */
		0B17CA0A7E00EE058B18002F /* Pods-GScentTests.release.xcconfig */ = {isa = PBXFileReference; includeInIndex = 1; lastKnownFileType = text.xcconfig; name = "Pods-GScentTests.release.xcconfig"; path = "Target Support Files/Pods-GScentTests/Pods-GScentTests.release.xcconfig"; sourceTree = "<group>"; };
		15B6CBDBFFFA73142B63972B /* Pods-GScent.release.xcconfig */ = {isa = PBXFileReference; includeInIndex = 1; lastKnownFileType = text.xcconfig; name = "Pods-GScent.release.xcconfig"; path = "Target Support Files/Pods-GScent/Pods-GScent.release.xcconfig"; sourceTree = "<group>"; };
		28816416398BF2733FA775F8 /* Pods-GScent.debug.xcconfig */ = {isa = PBXFileReference; includeInIndex = 1; lastKnownFileType = text.xcconfig; name = "Pods-GScent.debug.xcconfig"; path = "Target Support Files/Pods-GScent/Pods-GScent.debug.xcconfig"; sourceTree = "<group>"; };
		2C3EB7B625F21BCF00F733F3 /* NetworkClient.swift */ = {isa = PBXFileReference; lastKnownFileType = sourcecode.swift; path = NetworkClient.swift; sourceTree = "<group>"; };
		2C3EB7B825F21BF300F733F3 /* NetworkEndpointModel.swift */ = {isa = PBXFileReference; lastKnownFileType = sourcecode.swift; path = NetworkEndpointModel.swift; sourceTree = "<group>"; };
		2C3EB7BA25F21C0600F733F3 /* ReachabilityAdapter.swift */ = {isa = PBXFileReference; lastKnownFileType = sourcecode.swift; path = ReachabilityAdapter.swift; sourceTree = "<group>"; };
		2C3EB7BC25F21C3300F733F3 /* Reachability.swift */ = {isa = PBXFileReference; fileEncoding = 4; lastKnownFileType = sourcecode.swift; path = Reachability.swift; sourceTree = "<group>"; };
		2C3EB7BF25F21CEF00F733F3 /* CoreError.swift */ = {isa = PBXFileReference; lastKnownFileType = sourcecode.swift; path = CoreError.swift; sourceTree = "<group>"; };
		2C3EB7C125F21CFC00F733F3 /* Constants.swift */ = {isa = PBXFileReference; lastKnownFileType = sourcecode.swift; path = Constants.swift; sourceTree = "<group>"; };
		2C3EB7C325F21D0B00F733F3 /* JSONHelper.swift */ = {isa = PBXFileReference; lastKnownFileType = sourcecode.swift; path = JSONHelper.swift; sourceTree = "<group>"; };
		2C3EB7C625F21D6C00F733F3 /* String+Utils.swift */ = {isa = PBXFileReference; lastKnownFileType = sourcecode.swift; path = "String+Utils.swift"; sourceTree = "<group>"; };
		2C6CCA1F25F15BDA00D905B9 /* GScent.app */ = {isa = PBXFileReference; explicitFileType = wrapper.application; includeInIndex = 0; path = GScent.app; sourceTree = BUILT_PRODUCTS_DIR; };
		2C6CCA2225F15BDA00D905B9 /* AppDelegate.swift */ = {isa = PBXFileReference; lastKnownFileType = sourcecode.swift; path = AppDelegate.swift; sourceTree = "<group>"; };
		2C6CCA2425F15BDA00D905B9 /* SceneDelegate.swift */ = {isa = PBXFileReference; lastKnownFileType = sourcecode.swift; path = SceneDelegate.swift; sourceTree = "<group>"; };
		2C6CCA2625F15BDA00D905B9 /* ViewController.swift */ = {isa = PBXFileReference; lastKnownFileType = sourcecode.swift; path = ViewController.swift; sourceTree = "<group>"; };
		2C6CCA2925F15BDA00D905B9 /* Base */ = {isa = PBXFileReference; lastKnownFileType = file.storyboard; name = Base; path = Base.lproj/Main.storyboard; sourceTree = "<group>"; };
		2C6CCA2B25F15BDC00D905B9 /* Assets.xcassets */ = {isa = PBXFileReference; lastKnownFileType = folder.assetcatalog; path = Assets.xcassets; sourceTree = "<group>"; };
		2C6CCA2E25F15BDC00D905B9 /* Base */ = {isa = PBXFileReference; lastKnownFileType = file.storyboard; name = Base; path = Base.lproj/LaunchScreen.storyboard; sourceTree = "<group>"; };
		2C6CCA3025F15BDC00D905B9 /* Info.plist */ = {isa = PBXFileReference; lastKnownFileType = text.plist.xml; path = Info.plist; sourceTree = "<group>"; };
		2C6CCA3525F15BDC00D905B9 /* GScentTests.xctest */ = {isa = PBXFileReference; explicitFileType = wrapper.cfbundle; includeInIndex = 0; path = GScentTests.xctest; sourceTree = BUILT_PRODUCTS_DIR; };
		2C6CCA3925F15BDC00D905B9 /* GScentTests.swift */ = {isa = PBXFileReference; lastKnownFileType = sourcecode.swift; path = GScentTests.swift; sourceTree = "<group>"; };
		2C6CCA3B25F15BDC00D905B9 /* Info.plist */ = {isa = PBXFileReference; lastKnownFileType = text.plist.xml; path = Info.plist; sourceTree = "<group>"; };
		3A391F26AC4D2242650AB289 /* Pods-GScentTests.debug.xcconfig */ = {isa = PBXFileReference; includeInIndex = 1; lastKnownFileType = text.xcconfig; name = "Pods-GScentTests.debug.xcconfig"; path = "Target Support Files/Pods-GScentTests/Pods-GScentTests.debug.xcconfig"; sourceTree = "<group>"; };
		8761989E86CE7992F22386D7 /* Pods_GScentTests.framework */ = {isa = PBXFileReference; explicitFileType = wrapper.framework; includeInIndex = 0; path = Pods_GScentTests.framework; sourceTree = BUILT_PRODUCTS_DIR; };
		E4965E2A77D4CCC13DDAFEF9 /* Pods_GScent.framework */ = {isa = PBXFileReference; explicitFileType = wrapper.framework; includeInIndex = 0; path = Pods_GScent.framework; sourceTree = BUILT_PRODUCTS_DIR; };
/* End PBXFileReference section */

/* Begin PBXFrameworksBuildPhase section */
		2C6CCA1C25F15BDA00D905B9 /* Frameworks */ = {
			isa = PBXFrameworksBuildPhase;
			buildActionMask = 2147483647;
			files = (
				F67C50A62EAF641F28BB15F7 /* Pods_GScent.framework in Frameworks */,
			);
			runOnlyForDeploymentPostprocessing = 0;
		};
		2C6CCA3225F15BDC00D905B9 /* Frameworks */ = {
			isa = PBXFrameworksBuildPhase;
			buildActionMask = 2147483647;
			files = (
				3028F686483900B1B3F0C2B1 /* Pods_GScentTests.framework in Frameworks */,
			);
			runOnlyForDeploymentPostprocessing = 0;
		};
/* End PBXFrameworksBuildPhase section */

/* Begin PBXGroup section */
		2C3EB7B525F21BA400F733F3 /* Network */ = {
			isa = PBXGroup;
			children = (
				2C3EB7BC25F21C3300F733F3 /* Reachability.swift */,
				2C3EB7B625F21BCF00F733F3 /* NetworkClient.swift */,
				2C3EB7B825F21BF300F733F3 /* NetworkEndpointModel.swift */,
				2C3EB7BA25F21C0600F733F3 /* ReachabilityAdapter.swift */,
			);
			path = Network;
			sourceTree = "<group>";
		};
		2C3EB7BE25F21CCC00F733F3 /* Helpers */ = {
			isa = PBXGroup;
			children = (
				2C3EB7C525F21D5200F733F3 /* Extensions */,
				2C3EB7BF25F21CEF00F733F3 /* CoreError.swift */,
				2C3EB7C125F21CFC00F733F3 /* Constants.swift */,
				2C3EB7C325F21D0B00F733F3 /* JSONHelper.swift */,
			);
			path = Helpers;
			sourceTree = "<group>";
		};
		2C3EB7C525F21D5200F733F3 /* Extensions */ = {
			isa = PBXGroup;
			children = (
				2C3EB7C625F21D6C00F733F3 /* String+Utils.swift */,
			);
			path = Extensions;
			sourceTree = "<group>";
		};
		2C6CCA1625F15BDA00D905B9 = {
			isa = PBXGroup;
			children = (
				2C6CCA2125F15BDA00D905B9 /* GScent */,
				2C6CCA3825F15BDC00D905B9 /* GScentTests */,
				2C6CCA2025F15BDA00D905B9 /* Products */,
				2C8D7F5BAA67A232D8B9FD64 /* Pods */,
				7556100C6863ABC6D9FA96E6 /* Frameworks */,
			);
			sourceTree = "<group>";
		};
		2C6CCA2025F15BDA00D905B9 /* Products */ = {
			isa = PBXGroup;
			children = (
				2C6CCA1F25F15BDA00D905B9 /* GScent.app */,
				2C6CCA3525F15BDC00D905B9 /* GScentTests.xctest */,
			);
			name = Products;
			sourceTree = "<group>";
		};
		2C6CCA2125F15BDA00D905B9 /* GScent */ = {
			isa = PBXGroup;
			children = (
				2C3EB7BE25F21CCC00F733F3 /* Helpers */,
				2C3EB7B525F21BA400F733F3 /* Network */,
				2C6CCA2225F15BDA00D905B9 /* AppDelegate.swift */,
				2C6CCA2425F15BDA00D905B9 /* SceneDelegate.swift */,
				2C6CCA2625F15BDA00D905B9 /* ViewController.swift */,
				2C6CCA2825F15BDA00D905B9 /* Main.storyboard */,
				2C6CCA2B25F15BDC00D905B9 /* Assets.xcassets */,
				2C6CCA2D25F15BDC00D905B9 /* LaunchScreen.storyboard */,
				2C6CCA3025F15BDC00D905B9 /* Info.plist */,
			);
			path = GScent;
			sourceTree = "<group>";
		};
		2C6CCA3825F15BDC00D905B9 /* GScentTests */ = {
			isa = PBXGroup;
			children = (
				2C6CCA3925F15BDC00D905B9 /* GScentTests.swift */,
				2C6CCA3B25F15BDC00D905B9 /* Info.plist */,
			);
			path = GScentTests;
			sourceTree = "<group>";
		};
		2C8D7F5BAA67A232D8B9FD64 /* Pods */ = {
			isa = PBXGroup;
			children = (
				28816416398BF2733FA775F8 /* Pods-GScent.debug.xcconfig */,
				15B6CBDBFFFA73142B63972B /* Pods-GScent.release.xcconfig */,
				3A391F26AC4D2242650AB289 /* Pods-GScentTests.debug.xcconfig */,
				0B17CA0A7E00EE058B18002F /* Pods-GScentTests.release.xcconfig */,
			);
			path = Pods;
			sourceTree = "<group>";
		};
		7556100C6863ABC6D9FA96E6 /* Frameworks */ = {
			isa = PBXGroup;
			children = (
				E4965E2A77D4CCC13DDAFEF9 /* Pods_GScent.framework */,
				8761989E86CE7992F22386D7 /* Pods_GScentTests.framework */,
			);
			name = Frameworks;
			sourceTree = "<group>";
		};
/* End PBXGroup section */

/* Begin PBXNativeTarget section */
		2C6CCA1E25F15BDA00D905B9 /* GScent */ = {
			isa = PBXNativeTarget;
			buildConfigurationList = 2C6CCA3E25F15BDC00D905B9 /* Build configuration list for PBXNativeTarget "GScent" */;
			buildPhases = (
				466F97EBD2B6B31BA387A878 /* [CP] Check Pods Manifest.lock */,
				2C6CCA1B25F15BDA00D905B9 /* Sources */,
				2C6CCA1C25F15BDA00D905B9 /* Frameworks */,
				2C6CCA1D25F15BDA00D905B9 /* Resources */,
			);
			buildRules = (
			);
			dependencies = (
			);
			name = GScent;
			productName = GScent;
			productReference = 2C6CCA1F25F15BDA00D905B9 /* GScent.app */;
			productType = "com.apple.product-type.application";
		};
		2C6CCA3425F15BDC00D905B9 /* GScentTests */ = {
			isa = PBXNativeTarget;
			buildConfigurationList = 2C6CCA4125F15BDC00D905B9 /* Build configuration list for PBXNativeTarget "GScentTests" */;
			buildPhases = (
				03F33943B0571E25DFDE70B5 /* [CP] Check Pods Manifest.lock */,
				2C6CCA3125F15BDC00D905B9 /* Sources */,
				2C6CCA3225F15BDC00D905B9 /* Frameworks */,
				2C6CCA3325F15BDC00D905B9 /* Resources */,
				725F91BE6A25477188CD024E /* [CP] Embed Pods Frameworks */,
			);
			buildRules = (
			);
			dependencies = (
				2C6CCA3725F15BDC00D905B9 /* PBXTargetDependency */,
			);
			name = GScentTests;
			productName = GScentTests;
			productReference = 2C6CCA3525F15BDC00D905B9 /* GScentTests.xctest */;
			productType = "com.apple.product-type.bundle.unit-test";
		};
/* End PBXNativeTarget section */

/* Begin PBXProject section */
		2C6CCA1725F15BDA00D905B9 /* Project object */ = {
			isa = PBXProject;
			attributes = {
				LastSwiftUpdateCheck = 1160;
				LastUpgradeCheck = 1160;
				ORGANIZATIONNAME = Hafiz;
				TargetAttributes = {
					2C6CCA1E25F15BDA00D905B9 = {
						CreatedOnToolsVersion = 11.6;
					};
					2C6CCA3425F15BDC00D905B9 = {
						CreatedOnToolsVersion = 11.6;
						TestTargetID = 2C6CCA1E25F15BDA00D905B9;
					};
				};
			};
			buildConfigurationList = 2C6CCA1A25F15BDA00D905B9 /* Build configuration list for PBXProject "GScent" */;
			compatibilityVersion = "Xcode 9.3";
			developmentRegion = en;
			hasScannedForEncodings = 0;
			knownRegions = (
				en,
				Base,
			);
			mainGroup = 2C6CCA1625F15BDA00D905B9;
			productRefGroup = 2C6CCA2025F15BDA00D905B9 /* Products */;
			projectDirPath = "";
			projectRoot = "";
			targets = (
				2C6CCA1E25F15BDA00D905B9 /* GScent */,
				2C6CCA3425F15BDC00D905B9 /* GScentTests */,
			);
		};
/* End PBXProject section */

/* Begin PBXResourcesBuildPhase section */
		2C6CCA1D25F15BDA00D905B9 /* Resources */ = {
			isa = PBXResourcesBuildPhase;
			buildActionMask = 2147483647;
			files = (
				2C6CCA2F25F15BDC00D905B9 /* LaunchScreen.storyboard in Resources */,
				2C6CCA2C25F15BDC00D905B9 /* Assets.xcassets in Resources */,
				2C6CCA2A25F15BDA00D905B9 /* Main.storyboard in Resources */,
			);
			runOnlyForDeploymentPostprocessing = 0;
		};
		2C6CCA3325F15BDC00D905B9 /* Resources */ = {
			isa = PBXResourcesBuildPhase;
			buildActionMask = 2147483647;
			files = (
			);
			runOnlyForDeploymentPostprocessing = 0;
		};
/* End PBXResourcesBuildPhase section */

/* Begin PBXShellScriptBuildPhase section */
		03F33943B0571E25DFDE70B5 /* [CP] Check Pods Manifest.lock */ = {
			isa = PBXShellScriptBuildPhase;
			buildActionMask = 2147483647;
			files = (
			);
			inputFileListPaths = (
			);
			inputPaths = (
				"${PODS_PODFILE_DIR_PATH}/Podfile.lock",
				"${PODS_ROOT}/Manifest.lock",
			);
			name = "[CP] Check Pods Manifest.lock";
			outputFileListPaths = (
			);
			outputPaths = (
				"$(DERIVED_FILE_DIR)/Pods-GScentTests-checkManifestLockResult.txt",
			);
			runOnlyForDeploymentPostprocessing = 0;
			shellPath = /bin/sh;
			shellScript = "diff \"${PODS_PODFILE_DIR_PATH}/Podfile.lock\" \"${PODS_ROOT}/Manifest.lock\" > /dev/null\nif [ $? != 0 ] ; then\n    # print error to STDERR\n    echo \"error: The sandbox is not in sync with the Podfile.lock. Run 'pod install' or update your CocoaPods installation.\" >&2\n    exit 1\nfi\n# This output is used by Xcode 'outputs' to avoid re-running this script phase.\necho \"SUCCESS\" > \"${SCRIPT_OUTPUT_FILE_0}\"\n";
			showEnvVarsInLog = 0;
		};
		466F97EBD2B6B31BA387A878 /* [CP] Check Pods Manifest.lock */ = {
			isa = PBXShellScriptBuildPhase;
			buildActionMask = 2147483647;
			files = (
			);
			inputFileListPaths = (
			);
			inputPaths = (
				"${PODS_PODFILE_DIR_PATH}/Podfile.lock",
				"${PODS_ROOT}/Manifest.lock",
			);
			name = "[CP] Check Pods Manifest.lock";
			outputFileListPaths = (
			);
			outputPaths = (
				"$(DERIVED_FILE_DIR)/Pods-GScent-checkManifestLockResult.txt",
			);
			runOnlyForDeploymentPostprocessing = 0;
			shellPath = /bin/sh;
			shellScript = "diff \"${PODS_PODFILE_DIR_PATH}/Podfile.lock\" \"${PODS_ROOT}/Manifest.lock\" > /dev/null\nif [ $? != 0 ] ; then\n    # print error to STDERR\n    echo \"error: The sandbox is not in sync with the Podfile.lock. Run 'pod install' or update your CocoaPods installation.\" >&2\n    exit 1\nfi\n# This output is used by Xcode 'outputs' to avoid re-running this script phase.\necho \"SUCCESS\" > \"${SCRIPT_OUTPUT_FILE_0}\"\n";
			showEnvVarsInLog = 0;
		};
		725F91BE6A25477188CD024E /* [CP] Embed Pods Frameworks */ = {
			isa = PBXShellScriptBuildPhase;
			buildActionMask = 2147483647;
			files = (
			);
			inputFileListPaths = (
				"${PODS_ROOT}/Target Support Files/Pods-GScentTests/Pods-GScentTests-frameworks-${CONFIGURATION}-input-files.xcfilelist",
			);
			name = "[CP] Embed Pods Frameworks";
			outputFileListPaths = (
				"${PODS_ROOT}/Target Support Files/Pods-GScentTests/Pods-GScentTests-frameworks-${CONFIGURATION}-output-files.xcfilelist",
			);
			runOnlyForDeploymentPostprocessing = 0;
			shellPath = /bin/sh;
			shellScript = "\"${PODS_ROOT}/Target Support Files/Pods-GScentTests/Pods-GScentTests-frameworks.sh\"\n";
			showEnvVarsInLog = 0;
		};
/* End PBXShellScriptBuildPhase section */

/* Begin PBXSourcesBuildPhase section */
		2C6CCA1B25F15BDA00D905B9 /* Sources */ = {
			isa = PBXSourcesBuildPhase;
			buildActionMask = 2147483647;
			files = (
				2C3EB7C725F21D6C00F733F3 /* String+Utils.swift in Sources */,
				2C3EB7BD25F21C3300F733F3 /* Reachability.swift in Sources */,
				2C3EB7BB25F21C0600F733F3 /* ReachabilityAdapter.swift in Sources */,
				2C6CCA2725F15BDA00D905B9 /* ViewController.swift in Sources */,
				2C6CCA2325F15BDA00D905B9 /* AppDelegate.swift in Sources */,
				2C6CCA2525F15BDA00D905B9 /* SceneDelegate.swift in Sources */,
				2C3EB7C025F21CEF00F733F3 /* CoreError.swift in Sources */,
				2C3EB7B725F21BCF00F733F3 /* NetworkClient.swift in Sources */,
				2C3EB7B925F21BF300F733F3 /* NetworkEndpointModel.swift in Sources */,
				2C3EB7C225F21CFC00F733F3 /* Constants.swift in Sources */,
				2C3EB7C425F21D0B00F733F3 /* JSONHelper.swift in Sources */,
			);
			runOnlyForDeploymentPostprocessing = 0;
		};
		2C6CCA3125F15BDC00D905B9 /* Sources */ = {
			isa = PBXSourcesBuildPhase;
			buildActionMask = 2147483647;
			files = (
				2C6CCA3A25F15BDC00D905B9 /* GScentTests.swift in Sources */,
			);
			runOnlyForDeploymentPostprocessing = 0;
		};
/* End PBXSourcesBuildPhase section */

/* Begin PBXTargetDependency section */
		2C6CCA3725F15BDC00D905B9 /* PBXTargetDependency */ = {
			isa = PBXTargetDependency;
			target = 2C6CCA1E25F15BDA00D905B9 /* GScent */;
			targetProxy = 2C6CCA3625F15BDC00D905B9 /* PBXContainerItemProxy */;
		};
/* End PBXTargetDependency section */

/* Begin PBXVariantGroup section */
		2C6CCA2825F15BDA00D905B9 /* Main.storyboard */ = {
			isa = PBXVariantGroup;
			children = (
				2C6CCA2925F15BDA00D905B9 /* Base */,
			);
			name = Main.storyboard;
			sourceTree = "<group>";
		};
		2C6CCA2D25F15BDC00D905B9 /* LaunchScreen.storyboard */ = {
			isa = PBXVariantGroup;
			children = (
				2C6CCA2E25F15BDC00D905B9 /* Base */,
			);
			name = LaunchScreen.storyboard;
			sourceTree = "<group>";
		};
/* End PBXVariantGroup section */

/* Begin XCBuildConfiguration section */
		2C6CCA3C25F15BDC00D905B9 /* Debug */ = {
			isa = XCBuildConfiguration;
			buildSettings = {
				ALWAYS_SEARCH_USER_PATHS = NO;
				CLANG_ANALYZER_NONNULL = YES;
				CLANG_ANALYZER_NUMBER_OBJECT_CONVERSION = YES_AGGRESSIVE;
				CLANG_CXX_LANGUAGE_STANDARD = "gnu++14";
				CLANG_CXX_LIBRARY = "libc++";
				CLANG_ENABLE_MODULES = YES;
				CLANG_ENABLE_OBJC_ARC = YES;
				CLANG_ENABLE_OBJC_WEAK = YES;
				CLANG_WARN_BLOCK_CAPTURE_AUTORELEASING = YES;
				CLANG_WARN_BOOL_CONVERSION = YES;
				CLANG_WARN_COMMA = YES;
				CLANG_WARN_CONSTANT_CONVERSION = YES;
				CLANG_WARN_DEPRECATED_OBJC_IMPLEMENTATIONS = YES;
				CLANG_WARN_DIRECT_OBJC_ISA_USAGE = YES_ERROR;
				CLANG_WARN_DOCUMENTATION_COMMENTS = YES;
				CLANG_WARN_EMPTY_BODY = YES;
				CLANG_WARN_ENUM_CONVERSION = YES;
				CLANG_WARN_INFINITE_RECURSION = YES;
				CLANG_WARN_INT_CONVERSION = YES;
				CLANG_WARN_NON_LITERAL_NULL_CONVERSION = YES;
				CLANG_WARN_OBJC_IMPLICIT_RETAIN_SELF = YES;
				CLANG_WARN_OBJC_LITERAL_CONVERSION = YES;
				CLANG_WARN_OBJC_ROOT_CLASS = YES_ERROR;
				CLANG_WARN_RANGE_LOOP_ANALYSIS = YES;
				CLANG_WARN_STRICT_PROTOTYPES = YES;
				CLANG_WARN_SUSPICIOUS_MOVE = YES;
				CLANG_WARN_UNGUARDED_AVAILABILITY = YES_AGGRESSIVE;
				CLANG_WARN_UNREACHABLE_CODE = YES;
				CLANG_WARN__DUPLICATE_METHOD_MATCH = YES;
				COPY_PHASE_STRIP = NO;
				DEBUG_INFORMATION_FORMAT = dwarf;
				ENABLE_STRICT_OBJC_MSGSEND = YES;
				ENABLE_TESTABILITY = YES;
				GCC_C_LANGUAGE_STANDARD = gnu11;
				GCC_DYNAMIC_NO_PIC = NO;
				GCC_NO_COMMON_BLOCKS = YES;
				GCC_OPTIMIZATION_LEVEL = 0;
				GCC_PREPROCESSOR_DEFINITIONS = (
					"DEBUG=1",
					"$(inherited)",
				);
				GCC_WARN_64_TO_32_BIT_CONVERSION = YES;
				GCC_WARN_ABOUT_RETURN_TYPE = YES_ERROR;
				GCC_WARN_UNDECLARED_SELECTOR = YES;
				GCC_WARN_UNINITIALIZED_AUTOS = YES_AGGRESSIVE;
				GCC_WARN_UNUSED_FUNCTION = YES;
				GCC_WARN_UNUSED_VARIABLE = YES;
				IPHONEOS_DEPLOYMENT_TARGET = 13.6;
				MTL_ENABLE_DEBUG_INFO = INCLUDE_SOURCE;
				MTL_FAST_MATH = YES;
				ONLY_ACTIVE_ARCH = YES;
				SDKROOT = iphoneos;
				SWIFT_ACTIVE_COMPILATION_CONDITIONS = DEBUG;
				SWIFT_OPTIMIZATION_LEVEL = "-Onone";
			};
			name = Debug;
		};
		2C6CCA3D25F15BDC00D905B9 /* Release */ = {
			isa = XCBuildConfiguration;
			buildSettings = {
				ALWAYS_SEARCH_USER_PATHS = NO;
				CLANG_ANALYZER_NONNULL = YES;
				CLANG_ANALYZER_NUMBER_OBJECT_CONVERSION = YES_AGGRESSIVE;
				CLANG_CXX_LANGUAGE_STANDARD = "gnu++14";
				CLANG_CXX_LIBRARY = "libc++";
				CLANG_ENABLE_MODULES = YES;
				CLANG_ENABLE_OBJC_ARC = YES;
				CLANG_ENABLE_OBJC_WEAK = YES;
				CLANG_WARN_BLOCK_CAPTURE_AUTORELEASING = YES;
				CLANG_WARN_BOOL_CONVERSION = YES;
				CLANG_WARN_COMMA = YES;
				CLANG_WARN_CONSTANT_CONVERSION = YES;
				CLANG_WARN_DEPRECATED_OBJC_IMPLEMENTATIONS = YES;
				CLANG_WARN_DIRECT_OBJC_ISA_USAGE = YES_ERROR;
				CLANG_WARN_DOCUMENTATION_COMMENTS = YES;
				CLANG_WARN_EMPTY_BODY = YES;
				CLANG_WARN_ENUM_CONVERSION = YES;
				CLANG_WARN_INFINITE_RECURSION = YES;
				CLANG_WARN_INT_CONVERSION = YES;
				CLANG_WARN_NON_LITERAL_NULL_CONVERSION = YES;
				CLANG_WARN_OBJC_IMPLICIT_RETAIN_SELF = YES;
				CLANG_WARN_OBJC_LITERAL_CONVERSION = YES;
				CLANG_WARN_OBJC_ROOT_CLASS = YES_ERROR;
				CLANG_WARN_RANGE_LOOP_ANALYSIS = YES;
				CLANG_WARN_STRICT_PROTOTYPES = YES;
				CLANG_WARN_SUSPICIOUS_MOVE = YES;
				CLANG_WARN_UNGUARDED_AVAILABILITY = YES_AGGRESSIVE;
				CLANG_WARN_UNREACHABLE_CODE = YES;
				CLANG_WARN__DUPLICATE_METHOD_MATCH = YES;
				COPY_PHASE_STRIP = NO;
				DEBUG_INFORMATION_FORMAT = "dwarf-with-dsym";
				ENABLE_NS_ASSERTIONS = NO;
				ENABLE_STRICT_OBJC_MSGSEND = YES;
				GCC_C_LANGUAGE_STANDARD = gnu11;
				GCC_NO_COMMON_BLOCKS = YES;
				GCC_WARN_64_TO_32_BIT_CONVERSION = YES;
				GCC_WARN_ABOUT_RETURN_TYPE = YES_ERROR;
				GCC_WARN_UNDECLARED_SELECTOR = YES;
				GCC_WARN_UNINITIALIZED_AUTOS = YES_AGGRESSIVE;
				GCC_WARN_UNUSED_FUNCTION = YES;
				GCC_WARN_UNUSED_VARIABLE = YES;
				IPHONEOS_DEPLOYMENT_TARGET = 13.6;
				MTL_ENABLE_DEBUG_INFO = NO;
				MTL_FAST_MATH = YES;
				SDKROOT = iphoneos;
				SWIFT_COMPILATION_MODE = wholemodule;
				SWIFT_OPTIMIZATION_LEVEL = "-O";
				VALIDATE_PRODUCT = YES;
			};
			name = Release;
		};
		2C6CCA3F25F15BDC00D905B9 /* Debug */ = {
			isa = XCBuildConfiguration;
			baseConfigurationReference = 28816416398BF2733FA775F8 /* Pods-GScent.debug.xcconfig */;
			buildSettings = {
				ASSETCATALOG_COMPILER_APPICON_NAME = AppIcon;
				CODE_SIGN_STYLE = Automatic;
				DEVELOPMENT_TEAM = TG68K49987;
				INFOPLIST_FILE = GScent/Info.plist;
				LD_RUNPATH_SEARCH_PATHS = (
					"$(inherited)",
					"@executable_path/Frameworks",
				);
				PRODUCT_BUNDLE_IDENTIFIER = com.test.GScent;
				PRODUCT_NAME = "$(TARGET_NAME)";
				SWIFT_VERSION = 5.0;
				TARGETED_DEVICE_FAMILY = 1;
			};
			name = Debug;
		};
		2C6CCA4025F15BDC00D905B9 /* Release */ = {
			isa = XCBuildConfiguration;
			baseConfigurationReference = 15B6CBDBFFFA73142B63972B /* Pods-GScent.release.xcconfig */;
			buildSettings = {
				ASSETCATALOG_COMPILER_APPICON_NAME = AppIcon;
				CODE_SIGN_STYLE = Automatic;
				DEVELOPMENT_TEAM = TG68K49987;
				INFOPLIST_FILE = GScent/Info.plist;
				LD_RUNPATH_SEARCH_PATHS = (
					"$(inherited)",
					"@executable_path/Frameworks",
				);
				PRODUCT_BUNDLE_IDENTIFIER = com.test.GScent;
				PRODUCT_NAME = "$(TARGET_NAME)";
				SWIFT_VERSION = 5.0;
				TARGETED_DEVICE_FAMILY = 1;
			};
			name = Release;
		};
		2C6CCA4225F15BDC00D905B9 /* Debug */ = {
			isa = XCBuildConfiguration;
			baseConfigurationReference = 3A391F26AC4D2242650AB289 /* Pods-GScentTests.debug.xcconfig */;
			buildSettings = {
				ALWAYS_EMBED_SWIFT_STANDARD_LIBRARIES = YES;
				BUNDLE_LOADER = "$(TEST_HOST)";
				CODE_SIGN_STYLE = Automatic;
				DEVELOPMENT_TEAM = TG68K49987;
				INFOPLIST_FILE = GScentTests/Info.plist;
				IPHONEOS_DEPLOYMENT_TARGET = 13.6;
				LD_RUNPATH_SEARCH_PATHS = (
					"$(inherited)",
					"@executable_path/Frameworks",
					"@loader_path/Frameworks",
				);
				PRODUCT_BUNDLE_IDENTIFIER = com.test.GScentTests;
				PRODUCT_NAME = "$(TARGET_NAME)";
				SWIFT_VERSION = 5.0;
				TARGETED_DEVICE_FAMILY = "1,2";
				TEST_HOST = "$(BUILT_PRODUCTS_DIR)/GScent.app/GScent";
			};
			name = Debug;
		};
		2C6CCA4325F15BDC00D905B9 /* Release */ = {
			isa = XCBuildConfiguration;
			baseConfigurationReference = 0B17CA0A7E00EE058B18002F /* Pods-GScentTests.release.xcconfig */;
			buildSettings = {
				ALWAYS_EMBED_SWIFT_STANDARD_LIBRARIES = YES;
				BUNDLE_LOADER = "$(TEST_HOST)";
				CODE_SIGN_STYLE = Automatic;
				DEVELOPMENT_TEAM = TG68K49987;
				INFOPLIST_FILE = GScentTests/Info.plist;
				IPHONEOS_DEPLOYMENT_TARGET = 13.6;
				LD_RUNPATH_SEARCH_PATHS = (
					"$(inherited)",
					"@executable_path/Frameworks",
					"@loader_path/Frameworks",
				);
				PRODUCT_BUNDLE_IDENTIFIER = com.test.GScentTests;
				PRODUCT_NAME = "$(TARGET_NAME)";
				SWIFT_VERSION = 5.0;
				TARGETED_DEVICE_FAMILY = "1,2";
				TEST_HOST = "$(BUILT_PRODUCTS_DIR)/GScent.app/GScent";
			};
			name = Release;
		};
/* End XCBuildConfiguration section */

/* Begin XCConfigurationList section */
		2C6CCA1A25F15BDA00D905B9 /* Build configuration list for PBXProject "GScent" */ = {
			isa = XCConfigurationList;
			buildConfigurations = (
				2C6CCA3C25F15BDC00D905B9 /* Debug */,
				2C6CCA3D25F15BDC00D905B9 /* Release */,
			);
			defaultConfigurationIsVisible = 0;
			defaultConfigurationName = Release;
		};
		2C6CCA3E25F15BDC00D905B9 /* Build configuration list for PBXNativeTarget "GScent" */ = {
			isa = XCConfigurationList;
			buildConfigurations = (
				2C6CCA3F25F15BDC00D905B9 /* Debug */,
				2C6CCA4025F15BDC00D905B9 /* Release */,
			);
			defaultConfigurationIsVisible = 0;
			defaultConfigurationName = Release;
		};
		2C6CCA4125F15BDC00D905B9 /* Build configuration list for PBXNativeTarget "GScentTests" */ = {
			isa = XCConfigurationList;
			buildConfigurations = (
				2C6CCA4225F15BDC00D905B9 /* Debug */,
				2C6CCA4325F15BDC00D905B9 /* Release */,
			);
			defaultConfigurationIsVisible = 0;
			defaultConfigurationName = Release;
		};
/* End XCConfigurationList section */
	};
	rootObject = 2C6CCA1725F15BDA00D905B9 /* Project object */;
}
